// !$*UTF8*$!
{
	archiveVersion = 1;
	classes = {
	};
	objectVersion = 56;
	objects = {

/* Begin PBXBuildFile section */
		32317B6D29136154006DD86E /* SummaryTableViewCell.swift in Sources */ = {isa = PBXBuildFile; fileRef = 32317B6C29136154006DD86E /* SummaryTableViewCell.swift */; };
		32687A94293EC9E200980554 /* Queue.swift in Sources */ = {isa = PBXBuildFile; fileRef = 32687A93293EC9E200980554 /* Queue.swift */; };
		3285A4D229189E2100466C2B /* FirebaseAuth in Frameworks */ = {isa = PBXBuildFile; productRef = 3285A4D129189E2100466C2B /* FirebaseAuth */; };
		3285A4D429189E2100466C2B /* FirebaseStorage in Frameworks */ = {isa = PBXBuildFile; productRef = 3285A4D329189E2100466C2B /* FirebaseStorage */; };
		32A0F1A3291F3CF800FAF704 /* UIViewControllerExtension.swift in Sources */ = {isa = PBXBuildFile; fileRef = 32A0F1A2291F3CF800FAF704 /* UIViewControllerExtension.swift */; };
		5069592D2935237000CD5133 /* CardFlip.mp3 in Resources */ = {isa = PBXBuildFile; fileRef = 5069592C2935237000CD5133 /* CardFlip.mp3 */; };
		5069592F293523C000CD5133 /* CardSwoosh.mp3 in Resources */ = {isa = PBXBuildFile; fileRef = 5069592E293523C000CD5133 /* CardSwoosh.mp3 */; };
		50A5D6CC2900BBD800D0E964 /* ProfileViewController.swift in Sources */ = {isa = PBXBuildFile; fileRef = 50A5D6CB2900BBD800D0E964 /* ProfileViewController.swift */; };
		50A5D6CE2900BC4700D0E964 /* StudyViewController.swift in Sources */ = {isa = PBXBuildFile; fileRef = 50A5D6CD2900BC4700D0E964 /* StudyViewController.swift */; };
		83485B682919D93900705136 /* SettingsViewController.swift in Sources */ = {isa = PBXBuildFile; fileRef = 83485B672919D93900705136 /* SettingsViewController.swift */; };
		835E1164292B14EC00CC9075 /* CreateAccountViewController.swift in Sources */ = {isa = PBXBuildFile; fileRef = 835E1163292B14EC00CC9075 /* CreateAccountViewController.swift */; };
		8395461B2901402D0074368B /* GoogleService-Info.plist in Resources */ = {isa = PBXBuildFile; fileRef = 8395461A2901402D0074368B /* GoogleService-Info.plist */; };
		83AD82EC29013746006A459B /* LoginViewController.swift in Sources */ = {isa = PBXBuildFile; fileRef = 83AD82EB29013746006A459B /* LoginViewController.swift */; };
		83B60F57292B1DA3006974FD /* ThemeChangeViewController.swift in Sources */ = {isa = PBXBuildFile; fileRef = 83B60F56292B1DA3006974FD /* ThemeChangeViewController.swift */; };
		83B60F5B292B21F9006974FD /* Themes.swift in Sources */ = {isa = PBXBuildFile; fileRef = 83B60F5A292B21F9006974FD /* Themes.swift */; };
		83B60F5F292B6D40006974FD /* FontChangeViewControllerTableViewController.swift in Sources */ = {isa = PBXBuildFile; fileRef = 83B60F5E292B6D40006974FD /* FontChangeViewControllerTableViewController.swift */; };
		83DDC105291CFFC60099D7E5 /* SettingTableViewCell.swift in Sources */ = {isa = PBXBuildFile; fileRef = 83DDC104291CFFC60099D7E5 /* SettingTableViewCell.swift */; };
		83DDC109291D09E00099D7E5 /* SwitchTableViewCell.swift in Sources */ = {isa = PBXBuildFile; fileRef = 83DDC108291D09E00099D7E5 /* SwitchTableViewCell.swift */; };
		950632ED291AA81800935ABB /* GlobalVariables.swift in Sources */ = {isa = PBXBuildFile; fileRef = 950632EC291AA81800935ABB /* GlobalVariables.swift */; };
		9585CB1B28F5F2BB00689958 /* TextFieldTableViewCell.swift in Sources */ = {isa = PBXBuildFile; fileRef = 9585CB1A28F5F2BB00689958 /* TextFieldTableViewCell.swift */; };
		9585CB1D28F6013F00689958 /* CardSet.swift in Sources */ = {isa = PBXBuildFile; fileRef = 9585CB1C28F6013F00689958 /* CardSet.swift */; };
		9585CB2128F6062600689958 /* Card.swift in Sources */ = {isa = PBXBuildFile; fileRef = 9585CB2028F6062600689958 /* Card.swift */; };
		95F1B09D291351BC0026DC87 /* Protocols.swift in Sources */ = {isa = PBXBuildFile; fileRef = 95F1B09C291351BC0026DC87 /* Protocols.swift */; };
		95FA8BD428F5EACD00276CBE /* SetCreationVC.swift in Sources */ = {isa = PBXBuildFile; fileRef = 95FA8BD328F5EACD00276CBE /* SetCreationVC.swift */; };
		95FA8BD628F5EB3800276CBE /* SummaryVC.swift in Sources */ = {isa = PBXBuildFile; fileRef = 95FA8BD528F5EB3800276CBE /* SummaryVC.swift */; };
		FDA4D0342925543F000272BC /* SetListCell.swift in Sources */ = {isa = PBXBuildFile; fileRef = FDA4D0332925543F000272BC /* SetListCell.swift */; };
		FDA5CC3D28F524C300EF941B /* AppDelegate.swift in Sources */ = {isa = PBXBuildFile; fileRef = FDA5CC3C28F524C300EF941B /* AppDelegate.swift */; };
		FDA5CC3F28F524C300EF941B /* SceneDelegate.swift in Sources */ = {isa = PBXBuildFile; fileRef = FDA5CC3E28F524C300EF941B /* SceneDelegate.swift */; };
		FDA5CC4128F524C300EF941B /* ViewController.swift in Sources */ = {isa = PBXBuildFile; fileRef = FDA5CC4028F524C300EF941B /* ViewController.swift */; };
		FDA5CC4428F524C300EF941B /* Main.storyboard in Resources */ = {isa = PBXBuildFile; fileRef = FDA5CC4228F524C300EF941B /* Main.storyboard */; };
		FDA5CC4728F524C300EF941B /* StudyCard.xcdatamodeld in Sources */ = {isa = PBXBuildFile; fileRef = FDA5CC4528F524C300EF941B /* StudyCard.xcdatamodeld */; };
		FDA5CC4928F524C500EF941B /* Assets.xcassets in Resources */ = {isa = PBXBuildFile; fileRef = FDA5CC4828F524C500EF941B /* Assets.xcassets */; };
		FDA5CC4C28F524C500EF941B /* LaunchScreen.storyboard in Resources */ = {isa = PBXBuildFile; fileRef = FDA5CC4A28F524C500EF941B /* LaunchScreen.storyboard */; };
		FDA5CC5428F69D5B00EF941B /* StudySetupVC.swift in Sources */ = {isa = PBXBuildFile; fileRef = FDA5CC5328F69D5B00EF941B /* StudySetupVC.swift */; };
/* End PBXBuildFile section */

/* Begin PBXFileReference section */
		32317B6C29136154006DD86E /* SummaryTableViewCell.swift */ = {isa = PBXFileReference; lastKnownFileType = sourcecode.swift; path = SummaryTableViewCell.swift; sourceTree = "<group>"; };
		32687A93293EC9E200980554 /* Queue.swift */ = {isa = PBXFileReference; lastKnownFileType = sourcecode.swift; name = Queue.swift; path = "StudyCard/Custom Objects/Queue.swift"; sourceTree = SOURCE_ROOT; };
		32A0F1A2291F3CF800FAF704 /* UIViewControllerExtension.swift */ = {isa = PBXFileReference; lastKnownFileType = sourcecode.swift; path = UIViewControllerExtension.swift; sourceTree = "<group>"; };
		5069592C2935237000CD5133 /* CardFlip.mp3 */ = {isa = PBXFileReference; lastKnownFileType = audio.mp3; path = CardFlip.mp3; sourceTree = "<group>"; };
		5069592E293523C000CD5133 /* CardSwoosh.mp3 */ = {isa = PBXFileReference; lastKnownFileType = audio.mp3; path = CardSwoosh.mp3; sourceTree = "<group>"; };
		50A5D6CB2900BBD800D0E964 /* ProfileViewController.swift */ = {isa = PBXFileReference; lastKnownFileType = sourcecode.swift; path = ProfileViewController.swift; sourceTree = "<group>"; };
		50A5D6CD2900BC4700D0E964 /* StudyViewController.swift */ = {isa = PBXFileReference; lastKnownFileType = sourcecode.swift; path = StudyViewController.swift; sourceTree = "<group>"; };
		83485B672919D93900705136 /* SettingsViewController.swift */ = {isa = PBXFileReference; lastKnownFileType = sourcecode.swift; path = SettingsViewController.swift; sourceTree = "<group>"; };
		835E1163292B14EC00CC9075 /* CreateAccountViewController.swift */ = {isa = PBXFileReference; lastKnownFileType = sourcecode.swift; path = CreateAccountViewController.swift; sourceTree = "<group>"; };
		8395461A2901402D0074368B /* GoogleService-Info.plist */ = {isa = PBXFileReference; fileEncoding = 4; lastKnownFileType = text.plist.xml; path = "GoogleService-Info.plist"; sourceTree = "<group>"; };
		83AD82EB29013746006A459B /* LoginViewController.swift */ = {isa = PBXFileReference; lastKnownFileType = sourcecode.swift; path = LoginViewController.swift; sourceTree = "<group>"; };
		83B60F56292B1DA3006974FD /* ThemeChangeViewController.swift */ = {isa = PBXFileReference; lastKnownFileType = sourcecode.swift; path = ThemeChangeViewController.swift; sourceTree = "<group>"; };
		83B60F5A292B21F9006974FD /* Themes.swift */ = {isa = PBXFileReference; lastKnownFileType = sourcecode.swift; path = Themes.swift; sourceTree = "<group>"; };
		83B60F5E292B6D40006974FD /* FontChangeViewControllerTableViewController.swift */ = {isa = PBXFileReference; lastKnownFileType = sourcecode.swift; path = FontChangeViewControllerTableViewController.swift; sourceTree = "<group>"; };
		83DDC104291CFFC60099D7E5 /* SettingTableViewCell.swift */ = {isa = PBXFileReference; lastKnownFileType = sourcecode.swift; path = SettingTableViewCell.swift; sourceTree = "<group>"; };
		83DDC108291D09E00099D7E5 /* SwitchTableViewCell.swift */ = {isa = PBXFileReference; lastKnownFileType = sourcecode.swift; path = SwitchTableViewCell.swift; sourceTree = "<group>"; };
		950632EC291AA81800935ABB /* GlobalVariables.swift */ = {isa = PBXFileReference; lastKnownFileType = sourcecode.swift; path = GlobalVariables.swift; sourceTree = "<group>"; };
		9585CB1A28F5F2BB00689958 /* TextFieldTableViewCell.swift */ = {isa = PBXFileReference; lastKnownFileType = sourcecode.swift; path = TextFieldTableViewCell.swift; sourceTree = "<group>"; };
		9585CB1C28F6013F00689958 /* CardSet.swift */ = {isa = PBXFileReference; lastKnownFileType = sourcecode.swift; path = CardSet.swift; sourceTree = "<group>"; };
		9585CB2028F6062600689958 /* Card.swift */ = {isa = PBXFileReference; lastKnownFileType = sourcecode.swift; path = Card.swift; sourceTree = "<group>"; };
		95F1B09C291351BC0026DC87 /* Protocols.swift */ = {isa = PBXFileReference; lastKnownFileType = sourcecode.swift; path = Protocols.swift; sourceTree = "<group>"; };
		95FA8BD328F5EACD00276CBE /* SetCreationVC.swift */ = {isa = PBXFileReference; lastKnownFileType = sourcecode.swift; path = SetCreationVC.swift; sourceTree = "<group>"; };
		95FA8BD528F5EB3800276CBE /* SummaryVC.swift */ = {isa = PBXFileReference; lastKnownFileType = sourcecode.swift; path = SummaryVC.swift; sourceTree = "<group>"; };
		FDA4D0332925543F000272BC /* SetListCell.swift */ = {isa = PBXFileReference; lastKnownFileType = sourcecode.swift; path = SetListCell.swift; sourceTree = "<group>"; };
		FDA5CC3928F524C300EF941B /* StudyCard.app */ = {isa = PBXFileReference; explicitFileType = wrapper.application; includeInIndex = 0; path = StudyCard.app; sourceTree = BUILT_PRODUCTS_DIR; };
		FDA5CC3C28F524C300EF941B /* AppDelegate.swift */ = {isa = PBXFileReference; lastKnownFileType = sourcecode.swift; path = AppDelegate.swift; sourceTree = "<group>"; };
		FDA5CC3E28F524C300EF941B /* SceneDelegate.swift */ = {isa = PBXFileReference; lastKnownFileType = sourcecode.swift; path = SceneDelegate.swift; sourceTree = "<group>"; };
		FDA5CC4028F524C300EF941B /* ViewController.swift */ = {isa = PBXFileReference; lastKnownFileType = sourcecode.swift; path = ViewController.swift; sourceTree = "<group>"; };
		FDA5CC4328F524C300EF941B /* Base */ = {isa = PBXFileReference; lastKnownFileType = file.storyboard; name = Base; path = Base.lproj/Main.storyboard; sourceTree = "<group>"; };
		FDA5CC4628F524C300EF941B /* StudyCard.xcdatamodel */ = {isa = PBXFileReference; lastKnownFileType = wrapper.xcdatamodel; path = StudyCard.xcdatamodel; sourceTree = "<group>"; };
		FDA5CC4828F524C500EF941B /* Assets.xcassets */ = {isa = PBXFileReference; lastKnownFileType = folder.assetcatalog; path = Assets.xcassets; sourceTree = "<group>"; };
		FDA5CC4B28F524C500EF941B /* Base */ = {isa = PBXFileReference; lastKnownFileType = file.storyboard; name = Base; path = Base.lproj/LaunchScreen.storyboard; sourceTree = "<group>"; };
		FDA5CC4D28F524C500EF941B /* Info.plist */ = {isa = PBXFileReference; lastKnownFileType = text.plist.xml; path = Info.plist; sourceTree = "<group>"; };
		FDA5CC5328F69D5B00EF941B /* StudySetupVC.swift */ = {isa = PBXFileReference; lastKnownFileType = sourcecode.swift; path = StudySetupVC.swift; sourceTree = "<group>"; };
/* End PBXFileReference section */

/* Begin PBXFrameworksBuildPhase section */
		FDA5CC3628F524C300EF941B /* Frameworks */ = {
			isa = PBXFrameworksBuildPhase;
			buildActionMask = 2147483647;
			files = (
				3285A4D229189E2100466C2B /* FirebaseAuth in Frameworks */,
				3285A4D429189E2100466C2B /* FirebaseStorage in Frameworks */,
			);
			runOnlyForDeploymentPostprocessing = 0;
		};
/* End PBXFrameworksBuildPhase section */

/* Begin PBXGroup section */
		32803CE2292348CE00565D46 /* View Controllers */ = {
			isa = PBXGroup;
			children = (
				FDA5CC4028F524C300EF941B /* ViewController.swift */,
				83485B672919D93900705136 /* SettingsViewController.swift */,
				83AD82EB29013746006A459B /* LoginViewController.swift */,
				50A5D6CD2900BC4700D0E964 /* StudyViewController.swift */,
				FDA5CC5328F69D5B00EF941B /* StudySetupVC.swift */,
				95FA8BD528F5EB3800276CBE /* SummaryVC.swift */,
				95FA8BD328F5EACD00276CBE /* SetCreationVC.swift */,
				50A5D6CB2900BBD800D0E964 /* ProfileViewController.swift */,
				32687A93293EC9E200980554 /* Queue.swift */,
				835E1163292B14EC00CC9075 /* CreateAccountViewController.swift */,
				83B60F56292B1DA3006974FD /* ThemeChangeViewController.swift */,
				83B60F5E292B6D40006974FD /* FontChangeViewControllerTableViewController.swift */,
			);
			path = "View Controllers";
			sourceTree = "<group>";
		};
		32803CE32923492500565D46 /* Custom Objects */ = {
			isa = PBXGroup;
			children = (
				FDA4D0332925543F000272BC /* SetListCell.swift */,
				83DDC108291D09E00099D7E5 /* SwitchTableViewCell.swift */,
				83DDC104291CFFC60099D7E5 /* SettingTableViewCell.swift */,
				32317B6C29136154006DD86E /* SummaryTableViewCell.swift */,
				32A0F1A2291F3CF800FAF704 /* UIViewControllerExtension.swift */,
				9585CB1C28F6013F00689958 /* CardSet.swift */,
				9585CB2028F6062600689958 /* Card.swift */,
				9585CB1A28F5F2BB00689958 /* TextFieldTableViewCell.swift */,
				83B60F5A292B21F9006974FD /* Themes.swift */,
			);
			path = "Custom Objects";
			sourceTree = "<group>";
		};
		5069592B293522E000CD5133 /* Sounds */ = {
			isa = PBXGroup;
			children = (
				5069592C2935237000CD5133 /* CardFlip.mp3 */,
				5069592E293523C000CD5133 /* CardSwoosh.mp3 */,
			);
			path = Sounds;
			sourceTree = "<group>";
		};
		FDA5CC3028F524C300EF941B = {
			isa = PBXGroup;
			children = (
				FDA5CC3B28F524C300EF941B /* StudyCard */,
				FDA5CC3A28F524C300EF941B /* Products */,
			);
			sourceTree = "<group>";
		};
		FDA5CC3A28F524C300EF941B /* Products */ = {
			isa = PBXGroup;
			children = (
				FDA5CC3928F524C300EF941B /* StudyCard.app */,
			);
			name = Products;
			sourceTree = "<group>";
		};
		FDA5CC3B28F524C300EF941B /* StudyCard */ = {
			isa = PBXGroup;
			children = (
				5069592B293522E000CD5133 /* Sounds */,
				32803CE2292348CE00565D46 /* View Controllers */,
				32803CE32923492500565D46 /* Custom Objects */,
				FDA5CC4228F524C300EF941B /* Main.storyboard */,
				950632EC291AA81800935ABB /* GlobalVariables.swift */,
				95F1B09C291351BC0026DC87 /* Protocols.swift */,
				FDA5CC3C28F524C300EF941B /* AppDelegate.swift */,
				FDA5CC3E28F524C300EF941B /* SceneDelegate.swift */,
				FDA5CC4828F524C500EF941B /* Assets.xcassets */,
				FDA5CC4A28F524C500EF941B /* LaunchScreen.storyboard */,
				FDA5CC4D28F524C500EF941B /* Info.plist */,
				8395461A2901402D0074368B /* GoogleService-Info.plist */,
				FDA5CC4528F524C300EF941B /* StudyCard.xcdatamodeld */,
			);
			path = StudyCard;
			sourceTree = "<group>";
		};
/* End PBXGroup section */

/* Begin PBXNativeTarget section */
		FDA5CC3828F524C300EF941B /* StudyCard */ = {
			isa = PBXNativeTarget;
			buildConfigurationList = FDA5CC5028F524C500EF941B /* Build configuration list for PBXNativeTarget "StudyCard" */;
			buildPhases = (
				FDA5CC3528F524C300EF941B /* Sources */,
				FDA5CC3628F524C300EF941B /* Frameworks */,
				FDA5CC3728F524C300EF941B /* Resources */,
			);
			buildRules = (
			);
			dependencies = (
			);
			name = StudyCard;
			packageProductDependencies = (
				3285A4D129189E2100466C2B /* FirebaseAuth */,
				3285A4D329189E2100466C2B /* FirebaseStorage */,
			);
			productName = StudyCard;
			productReference = FDA5CC3928F524C300EF941B /* StudyCard.app */;
			productType = "com.apple.product-type.application";
		};
/* End PBXNativeTarget section */

/* Begin PBXProject section */
		FDA5CC3128F524C300EF941B /* Project object */ = {
			isa = PBXProject;
			attributes = {
				BuildIndependentTargetsInParallel = 1;
				LastSwiftUpdateCheck = 1400;
				LastUpgradeCheck = 1400;
				TargetAttributes = {
					FDA5CC3828F524C300EF941B = {
						CreatedOnToolsVersion = 14.0;
					};
				};
			};
			buildConfigurationList = FDA5CC3428F524C300EF941B /* Build configuration list for PBXProject "StudyCard" */;
			compatibilityVersion = "Xcode 14.0";
			developmentRegion = en;
			hasScannedForEncodings = 0;
			knownRegions = (
				en,
				Base,
			);
			mainGroup = FDA5CC3028F524C300EF941B;
			packageReferences = (
				3285A4D029189E2100466C2B /* XCRemoteSwiftPackageReference "firebase-ios-sdk" */,
			);
			productRefGroup = FDA5CC3A28F524C300EF941B /* Products */;
			projectDirPath = "";
			projectRoot = "";
			targets = (
				FDA5CC3828F524C300EF941B /* StudyCard */,
			);
		};
/* End PBXProject section */

/* Begin PBXResourcesBuildPhase section */
		FDA5CC3728F524C300EF941B /* Resources */ = {
			isa = PBXResourcesBuildPhase;
			buildActionMask = 2147483647;
			files = (
				FDA5CC4C28F524C500EF941B /* LaunchScreen.storyboard in Resources */,
				8395461B2901402D0074368B /* GoogleService-Info.plist in Resources */,
				5069592D2935237000CD5133 /* CardFlip.mp3 in Resources */,
				5069592F293523C000CD5133 /* CardSwoosh.mp3 in Resources */,
				FDA5CC4928F524C500EF941B /* Assets.xcassets in Resources */,
				FDA5CC4428F524C300EF941B /* Main.storyboard in Resources */,
			);
			runOnlyForDeploymentPostprocessing = 0;
		};
/* End PBXResourcesBuildPhase section */

/* Begin PBXSourcesBuildPhase section */
		FDA5CC3528F524C300EF941B /* Sources */ = {
			isa = PBXSourcesBuildPhase;
			buildActionMask = 2147483647;
			files = (
				95F1B09D291351BC0026DC87 /* Protocols.swift in Sources */,
				95FA8BD428F5EACD00276CBE /* SetCreationVC.swift in Sources */,
				9585CB2128F6062600689958 /* Card.swift in Sources */,
				95FA8BD628F5EB3800276CBE /* SummaryVC.swift in Sources */,
				9585CB1B28F5F2BB00689958 /* TextFieldTableViewCell.swift in Sources */,
				83B60F57292B1DA3006974FD /* ThemeChangeViewController.swift in Sources */,
				83DDC109291D09E00099D7E5 /* SwitchTableViewCell.swift in Sources */,
				83B60F5B292B21F9006974FD /* Themes.swift in Sources */,
				50A5D6CE2900BC4700D0E964 /* StudyViewController.swift in Sources */,
				FDA5CC4128F524C300EF941B /* ViewController.swift in Sources */,
				FDA4D0342925543F000272BC /* SetListCell.swift in Sources */,
				83485B682919D93900705136 /* SettingsViewController.swift in Sources */,
				FDA5CC4728F524C300EF941B /* StudyCard.xcdatamodeld in Sources */,
				83B60F5F292B6D40006974FD /* FontChangeViewControllerTableViewController.swift in Sources */,
				50A5D6CC2900BBD800D0E964 /* ProfileViewController.swift in Sources */,
				FDA5CC5428F69D5B00EF941B /* StudySetupVC.swift in Sources */,
				32A0F1A3291F3CF800FAF704 /* UIViewControllerExtension.swift in Sources */,
				32687A94293EC9E200980554 /* Queue.swift in Sources */,
				835E1164292B14EC00CC9075 /* CreateAccountViewController.swift in Sources */,
				FDA5CC3D28F524C300EF941B /* AppDelegate.swift in Sources */,
				83DDC105291CFFC60099D7E5 /* SettingTableViewCell.swift in Sources */,
				9585CB1D28F6013F00689958 /* CardSet.swift in Sources */,
				83AD82EC29013746006A459B /* LoginViewController.swift in Sources */,
				32317B6D29136154006DD86E /* SummaryTableViewCell.swift in Sources */,
				FDA5CC3F28F524C300EF941B /* SceneDelegate.swift in Sources */,
				950632ED291AA81800935ABB /* GlobalVariables.swift in Sources */,
			);
			runOnlyForDeploymentPostprocessing = 0;
		};
/* End PBXSourcesBuildPhase section */

/* Begin PBXVariantGroup section */
		FDA5CC4228F524C300EF941B /* Main.storyboard */ = {
			isa = PBXVariantGroup;
			children = (
				FDA5CC4328F524C300EF941B /* Base */,
			);
			name = Main.storyboard;
			sourceTree = "<group>";
		};
		FDA5CC4A28F524C500EF941B /* LaunchScreen.storyboard */ = {
			isa = PBXVariantGroup;
			children = (
				FDA5CC4B28F524C500EF941B /* Base */,
			);
			name = LaunchScreen.storyboard;
			sourceTree = "<group>";
		};
/* End PBXVariantGroup section */

/* Begin XCBuildConfiguration section */
		FDA5CC4E28F524C500EF941B /* Debug */ = {
			isa = XCBuildConfiguration;
			buildSettings = {
				ALWAYS_SEARCH_USER_PATHS = NO;
				CLANG_ANALYZER_NONNULL = YES;
				CLANG_ANALYZER_NUMBER_OBJECT_CONVERSION = YES_AGGRESSIVE;
				CLANG_CXX_LANGUAGE_STANDARD = "gnu++20";
				CLANG_ENABLE_MODULES = YES;
				CLANG_ENABLE_OBJC_ARC = YES;
				CLANG_ENABLE_OBJC_WEAK = YES;
				CLANG_WARN_BLOCK_CAPTURE_AUTORELEASING = YES;
				CLANG_WARN_BOOL_CONVERSION = YES;
				CLANG_WARN_COMMA = YES;
				CLANG_WARN_CONSTANT_CONVERSION = YES;
				CLANG_WARN_DEPRECATED_OBJC_IMPLEMENTATIONS = YES;
				CLANG_WARN_DIRECT_OBJC_ISA_USAGE = YES_ERROR;
				CLANG_WARN_DOCUMENTATION_COMMENTS = YES;
				CLANG_WARN_EMPTY_BODY = YES;
				CLANG_WARN_ENUM_CONVERSION = YES;
				CLANG_WARN_INFINITE_RECURSION = YES;
				CLANG_WARN_INT_CONVERSION = YES;
				CLANG_WARN_NON_LITERAL_NULL_CONVERSION = YES;
				CLANG_WARN_OBJC_IMPLICIT_RETAIN_SELF = YES;
				CLANG_WARN_OBJC_LITERAL_CONVERSION = YES;
				CLANG_WARN_OBJC_ROOT_CLASS = YES_ERROR;
				CLANG_WARN_QUOTED_INCLUDE_IN_FRAMEWORK_HEADER = YES;
				CLANG_WARN_RANGE_LOOP_ANALYSIS = YES;
				CLANG_WARN_STRICT_PROTOTYPES = YES;
				CLANG_WARN_SUSPICIOUS_MOVE = YES;
				CLANG_WARN_UNGUARDED_AVAILABILITY = YES_AGGRESSIVE;
				CLANG_WARN_UNREACHABLE_CODE = YES;
				CLANG_WARN__DUPLICATE_METHOD_MATCH = YES;
				COPY_PHASE_STRIP = NO;
				DEBUG_INFORMATION_FORMAT = dwarf;
				ENABLE_STRICT_OBJC_MSGSEND = YES;
				ENABLE_TESTABILITY = YES;
				GCC_C_LANGUAGE_STANDARD = gnu11;
				GCC_DYNAMIC_NO_PIC = NO;
				GCC_NO_COMMON_BLOCKS = YES;
				GCC_OPTIMIZATION_LEVEL = 0;
				GCC_PREPROCESSOR_DEFINITIONS = (
					"DEBUG=1",
					"$(inherited)",
				);
				GCC_WARN_64_TO_32_BIT_CONVERSION = YES;
				GCC_WARN_ABOUT_RETURN_TYPE = YES_ERROR;
				GCC_WARN_UNDECLARED_SELECTOR = YES;
				GCC_WARN_UNINITIALIZED_AUTOS = YES_AGGRESSIVE;
				GCC_WARN_UNUSED_FUNCTION = YES;
				GCC_WARN_UNUSED_VARIABLE = YES;
				IPHONEOS_DEPLOYMENT_TARGET = 16.0;
				MTL_ENABLE_DEBUG_INFO = INCLUDE_SOURCE;
				MTL_FAST_MATH = YES;
				ONLY_ACTIVE_ARCH = YES;
				SDKROOT = iphoneos;
				SWIFT_ACTIVE_COMPILATION_CONDITIONS = DEBUG;
				SWIFT_OPTIMIZATION_LEVEL = "-Onone";
			};
			name = Debug;
		};
		FDA5CC4F28F524C500EF941B /* Release */ = {
			isa = XCBuildConfiguration;
			buildSettings = {
				ALWAYS_SEARCH_USER_PATHS = NO;
				CLANG_ANALYZER_NONNULL = YES;
				CLANG_ANALYZER_NUMBER_OBJECT_CONVERSION = YES_AGGRESSIVE;
				CLANG_CXX_LANGUAGE_STANDARD = "gnu++20";
				CLANG_ENABLE_MODULES = YES;
				CLANG_ENABLE_OBJC_ARC = YES;
				CLANG_ENABLE_OBJC_WEAK = YES;
				CLANG_WARN_BLOCK_CAPTURE_AUTORELEASING = YES;
				CLANG_WARN_BOOL_CONVERSION = YES;
				CLANG_WARN_COMMA = YES;
				CLANG_WARN_CONSTANT_CONVERSION = YES;
				CLANG_WARN_DEPRECATED_OBJC_IMPLEMENTATIONS = YES;
				CLANG_WARN_DIRECT_OBJC_ISA_USAGE = YES_ERROR;
				CLANG_WARN_DOCUMENTATION_COMMENTS = YES;
				CLANG_WARN_EMPTY_BODY = YES;
				CLANG_WARN_ENUM_CONVERSION = YES;
				CLANG_WARN_INFINITE_RECURSION = YES;
				CLANG_WARN_INT_CONVERSION = YES;
				CLANG_WARN_NON_LITERAL_NULL_CONVERSION = YES;
				CLANG_WARN_OBJC_IMPLICIT_RETAIN_SELF = YES;
				CLANG_WARN_OBJC_LITERAL_CONVERSION = YES;
				CLANG_WARN_OBJC_ROOT_CLASS = YES_ERROR;
				CLANG_WARN_QUOTED_INCLUDE_IN_FRAMEWORK_HEADER = YES;
				CLANG_WARN_RANGE_LOOP_ANALYSIS = YES;
				CLANG_WARN_STRICT_PROTOTYPES = YES;
				CLANG_WARN_SUSPICIOUS_MOVE = YES;
				CLANG_WARN_UNGUARDED_AVAILABILITY = YES_AGGRESSIVE;
				CLANG_WARN_UNREACHABLE_CODE = YES;
				CLANG_WARN__DUPLICATE_METHOD_MATCH = YES;
				COPY_PHASE_STRIP = NO;
				DEBUG_INFORMATION_FORMAT = "dwarf-with-dsym";
				ENABLE_NS_ASSERTIONS = NO;
				ENABLE_STRICT_OBJC_MSGSEND = YES;
				GCC_C_LANGUAGE_STANDARD = gnu11;
				GCC_NO_COMMON_BLOCKS = YES;
				GCC_WARN_64_TO_32_BIT_CONVERSION = YES;
				GCC_WARN_ABOUT_RETURN_TYPE = YES_ERROR;
				GCC_WARN_UNDECLARED_SELECTOR = YES;
				GCC_WARN_UNINITIALIZED_AUTOS = YES_AGGRESSIVE;
				GCC_WARN_UNUSED_FUNCTION = YES;
				GCC_WARN_UNUSED_VARIABLE = YES;
				IPHONEOS_DEPLOYMENT_TARGET = 16.0;
				MTL_ENABLE_DEBUG_INFO = NO;
				MTL_FAST_MATH = YES;
				SDKROOT = iphoneos;
				SWIFT_COMPILATION_MODE = wholemodule;
				SWIFT_OPTIMIZATION_LEVEL = "-O";
				VALIDATE_PRODUCT = YES;
			};
			name = Release;
		};
		FDA5CC5128F524C500EF941B /* Debug */ = {
			isa = XCBuildConfiguration;
			buildSettings = {
				ASSETCATALOG_COMPILER_APPICON_NAME = AppIcon;
				ASSETCATALOG_COMPILER_GLOBAL_ACCENT_COLOR_NAME = AccentColor;
				CODE_SIGN_IDENTITY = "Apple Development";
				CODE_SIGN_STYLE = Automatic;
				CURRENT_PROJECT_VERSION = 1;
				DEVELOPMENT_TEAM = "";
				GENERATE_INFOPLIST_FILE = YES;
				INFOPLIST_FILE = StudyCard/Info.plist;
				INFOPLIST_KEY_NSCameraUsageDescription = "Warning: This will take images!";
				INFOPLIST_KEY_UIApplicationSupportsIndirectInputEvents = YES;
				INFOPLIST_KEY_UILaunchStoryboardName = LaunchScreen;
				INFOPLIST_KEY_UIMainStoryboardFile = Main;
				INFOPLIST_KEY_UISupportedInterfaceOrientations_iPad = "UIInterfaceOrientationPortrait UIInterfaceOrientationPortraitUpsideDown UIInterfaceOrientationLandscapeLeft UIInterfaceOrientationLandscapeRight";
				INFOPLIST_KEY_UISupportedInterfaceOrientations_iPhone = "UIInterfaceOrientationPortrait UIInterfaceOrientationLandscapeLeft UIInterfaceOrientationLandscapeRight";
				IPHONEOS_DEPLOYMENT_TARGET = 15.6;
				LD_RUNPATH_SEARCH_PATHS = (
					"$(inherited)",
					"@executable_path/Frameworks",
				);
				MARKETING_VERSION = 1.0;
				PRODUCT_BUNDLE_IDENTIFIER = CS329E.StudyCard;
				PRODUCT_NAME = "$(TARGET_NAME)";
				PROVISIONING_PROFILE_SPECIFIER = "";
				SWIFT_EMIT_LOC_STRINGS = YES;
				SWIFT_VERSION = 5.0;
				TARGETED_DEVICE_FAMILY = "1,2";
			};
			name = Debug;
		};
		FDA5CC5228F524C500EF941B /* Release */ = {
			isa = XCBuildConfiguration;
			buildSettings = {
				ASSETCATALOG_COMPILER_APPICON_NAME = AppIcon;
				ASSETCATALOG_COMPILER_GLOBAL_ACCENT_COLOR_NAME = AccentColor;
				CODE_SIGN_IDENTITY = "Apple Development";
				CODE_SIGN_STYLE = Automatic;
				CURRENT_PROJECT_VERSION = 1;
				DEVELOPMENT_TEAM = "";
				GENERATE_INFOPLIST_FILE = YES;
				INFOPLIST_FILE = StudyCard/Info.plist;
				INFOPLIST_KEY_NSCameraUsageDescription = "Warning: This will take images!";
				INFOPLIST_KEY_UIApplicationSupportsIndirectInputEvents = YES;
				INFOPLIST_KEY_UILaunchStoryboardName = LaunchScreen;
				INFOPLIST_KEY_UIMainStoryboardFile = Main;
				INFOPLIST_KEY_UISupportedInterfaceOrientations_iPad = "UIInterfaceOrientationPortrait UIInterfaceOrientationPortraitUpsideDown UIInterfaceOrientationLandscapeLeft UIInterfaceOrientationLandscapeRight";
				INFOPLIST_KEY_UISupportedInterfaceOrientations_iPhone = "UIInterfaceOrientationPortrait UIInterfaceOrientationLandscapeLeft UIInterfaceOrientationLandscapeRight";
				IPHONEOS_DEPLOYMENT_TARGET = 15.6;
				LD_RUNPATH_SEARCH_PATHS = (
					"$(inherited)",
					"@executable_path/Frameworks",
				);
				MARKETING_VERSION = 1.0;
				PRODUCT_BUNDLE_IDENTIFIER = CS329E.StudyCard;
				PRODUCT_NAME = "$(TARGET_NAME)";
				PROVISIONING_PROFILE_SPECIFIER = "";
				SWIFT_EMIT_LOC_STRINGS = YES;
				SWIFT_VERSION = 5.0;
				TARGETED_DEVICE_FAMILY = "1,2";
			};
			name = Release;
		};
/* End XCBuildConfiguration section */

/* Begin XCConfigurationList section */
		FDA5CC3428F524C300EF941B /* Build configuration list for PBXProject "StudyCard" */ = {
			isa = XCConfigurationList;
			buildConfigurations = (
				FDA5CC4E28F524C500EF941B /* Debug */,
				FDA5CC4F28F524C500EF941B /* Release */,
			);
			defaultConfigurationIsVisible = 0;
			defaultConfigurationName = Release;
		};
		FDA5CC5028F524C500EF941B /* Build configuration list for PBXNativeTarget "StudyCard" */ = {
			isa = XCConfigurationList;
			buildConfigurations = (
				FDA5CC5128F524C500EF941B /* Debug */,
				FDA5CC5228F524C500EF941B /* Release */,
			);
			defaultConfigurationIsVisible = 0;
			defaultConfigurationName = Release;
		};
/* End XCConfigurationList section */

/* Begin XCRemoteSwiftPackageReference section */
		3285A4D029189E2100466C2B /* XCRemoteSwiftPackageReference "firebase-ios-sdk" */ = {
			isa = XCRemoteSwiftPackageReference;
			repositoryURL = "https://github.com/firebase/firebase-ios-sdk";
			requirement = {
				kind = upToNextMajorVersion;
				minimumVersion = 9.0.0;
			};
		};
/* End XCRemoteSwiftPackageReference section */

/* Begin XCSwiftPackageProductDependency section */
		3285A4D129189E2100466C2B /* FirebaseAuth */ = {
			isa = XCSwiftPackageProductDependency;
			package = 3285A4D029189E2100466C2B /* XCRemoteSwiftPackageReference "firebase-ios-sdk" */;
			productName = FirebaseAuth;
		};
		3285A4D329189E2100466C2B /* FirebaseStorage */ = {
			isa = XCSwiftPackageProductDependency;
			package = 3285A4D029189E2100466C2B /* XCRemoteSwiftPackageReference "firebase-ios-sdk" */;
			productName = FirebaseStorage;
		};
/* End XCSwiftPackageProductDependency section */

/* Begin XCVersionGroup section */
		FDA5CC4528F524C300EF941B /* StudyCard.xcdatamodeld */ = {
			isa = XCVersionGroup;
			children = (
				FDA5CC4628F524C300EF941B /* StudyCard.xcdatamodel */,
			);
			currentVersion = FDA5CC4628F524C300EF941B /* StudyCard.xcdatamodel */;
			path = StudyCard.xcdatamodeld;
			sourceTree = "<group>";
			versionGroupType = wrapper.xcdatamodel;
		};
/* End XCVersionGroup section */
	};
	rootObject = FDA5CC3128F524C300EF941B /* Project object */;
}
